
Microsoft Visual Studio Solution File, Format Version 12.00
# Visual Studio 15
VisualStudioVersion = 15.0.28307.572
MinimumVisualStudioVersion = 10.0.40219.1
Project("{2150E333-8FDC-42A3-9474-1A3956D46DE8}") = "Solution Items", "Solution Items", "{973122AD-FB36-4FA7-8E07-CACEC5BFC505}"
EndProject
Project("{FAE04EC0-301F-11D3-BF4B-00C04F79EFBC}") = "Safeguard.ExcelAddin", "Addin\Safeguard.ExcelAddin.csproj", "{28063989-56F8-4809-BAF1-54658F381336}"
EndProject
Project("{FAE04EC0-301F-11D3-BF4B-00C04F79EFBC}") = "Safeguard.Common", "Common\Safeguard.Common.csproj", "{B935041D-4951-4795-A211-000E7EEBD431}"
EndProject
Project("{FAE04EC0-301F-11D3-BF4B-00C04F79EFBC}") = "Safeguard.Common.Ui", "Common.Ui\Safeguard.Common.Ui.csproj", "{CE609869-7885-41C9-AC1D-B66AB0A983D9}"
EndProject
Project("{FAE04EC0-301F-11D3-BF4B-00C04F79EFBC}") = "Safeguard.Test.Ui", "Test.Ui\Safeguard.Test.Ui.csproj", "{C728764C-7136-4160-A2BC-53DD6C8FA54A}"
EndProject
Global
	GlobalSection(SolutionConfigurationPlatforms) = preSolution
		Debug|Any CPU = Debug|Any CPU
		Release|Any CPU = Release|Any CPU
	EndGlobalSection
	GlobalSection(ProjectConfigurationPlatforms) = postSolution
		{28063989-56F8-4809-BAF1-54658F381336}.Debug|Any CPU.ActiveCfg = Debug|Any CPU
		{28063989-56F8-4809-BAF1-54658F381336}.Debug|Any CPU.Build.0 = Debug|Any CPU
		{28063989-56F8-4809-BAF1-54658F381336}.Release|Any CPU.ActiveCfg = Release|Any CPU
		{28063989-56F8-4809-BAF1-54658F381336}.Release|Any CPU.Build.0 = Release|Any CPU
		{B935041D-4951-4795-A211-000E7EEBD431}.Debug|Any CPU.ActiveCfg = Debug|Any CPU
		{B935041D-4951-4795-A211-000E7EEBD431}.Debug|Any CPU.Build.0 = Debug|Any CPU
		{B935041D-4951-4795-A211-000E7EEBD431}.Release|Any CPU.ActiveCfg = Release|Any CPU
		{B935041D-4951-4795-A211-000E7EEBD431}.Release|Any CPU.Build.0 = Release|Any CPU
		{CE609869-7885-41C9-AC1D-B66AB0A983D9}.Debug|Any CPU.ActiveCfg = Debug|Any CPU
		{CE609869-7885-41C9-AC1D-B66AB0A983D9}.Debug|Any CPU.Build.0 = Debug|Any CPU
		{CE609869-7885-41C9-AC1D-B66AB0A983D9}.Release|Any CPU.ActiveCfg = Release|Any CPU
		{CE609869-7885-41C9-AC1D-B66AB0A983D9}.Release|Any CPU.Build.0 = Release|Any CPU
		{C728764C-7136-4160-A2BC-53DD6C8FA54A}.Debug|Any CPU.ActiveCfg = Debug|Any CPU
		{C728764C-7136-4160-A2BC-53DD6C8FA54A}.Debug|Any CPU.Build.0 = Debug|Any CPU
		{C728764C-7136-4160-A2BC-53DD6C8FA54A}.Release|Any CPU.ActiveCfg = Release|Any CPU
		{C728764C-7136-4160-A2BC-53DD6C8FA54A}.Release|Any CPU.Build.0 = Release|Any CPU
	EndGlobalSection
	GlobalSection(SolutionProperties) = preSolution
		HideSolutionNode = FALSE
	EndGlobalSection
	GlobalSection(ExtensibilityGlobals) = postSolution
		SolutionGuid = {FFCE49C0-8112-46E1-80F0-94A75B194F6B}
	EndGlobalSection
EndGlobal
